
Microsoft Visual Studio Solution File, Format Version 12.00
# Visual Studio 15
VisualStudioVersion = 15.0.28307.902
MinimumVisualStudioVersion = 10.0.40219.1
Project("{FAE04EC0-301F-11D3-BF4B-00C04F79EFBC}") = "IS403-Project1", "IS403-Project1\IS403-Project1.csproj", "{79407A14-2234-4FC3-B833-AF75DC937307}"
EndProject
Global
	GlobalSection(SolutionConfigurationPlatforms) = preSolution
		Debug|Any CPU = Debug|Any CPU
		Release|Any CPU = Release|Any CPU
	EndGlobalSection
	GlobalSection(ProjectConfigurationPlatforms) = postSolution
		{79407A14-2234-4FC3-B833-AF75DC937307}.Debug|Any CPU.ActiveCfg = Debug|Any CPU
		{79407A14-2234-4FC3-B833-AF75DC937307}.Debug|Any CPU.Build.0 = Debug|Any CPU
		{79407A14-2234-4FC3-B833-AF75DC937307}.Release|Any CPU.ActiveCfg = Release|Any CPU
		{79407A14-2234-4FC3-B833-AF75DC937307}.Release|Any CPU.Build.0 = Release|Any CPU
	EndGlobalSection
	GlobalSection(SolutionProperties) = preSolution
		HideSolutionNode = FALSE
	EndGlobalSection
	GlobalSection(ExtensibilityGlobals) = postSolution
		SolutionGuid = {19CDDC1E-B7BB-4B58-A2FD-BA761F2A3106}
	EndGlobalSection
EndGlobal
